
Microsoft Visual Studio Solution File, Format Version 12.00
# Visual Studio 15
VisualStudioVersion = 15.0.26124.0
MinimumVisualStudioVersion = 15.0.26124.0
Project("{FAE04EC0-301F-11D3-BF4B-00C04F79EFBC}") = "Domain", "Domain\Domain.csproj", "{4E61A7B5-42C2-4E3E-9D28-B3BA9DB5B70B}"
EndProject
Project("{FAE04EC0-301F-11D3-BF4B-00C04F79EFBC}") = "Application", "Application\Application.csproj", "{E109352E-C7CA-4077-98FF-4EFDB3915562}"
EndProject
Project("{FAE04EC0-301F-11D3-BF4B-00C04F79EFBC}") = "Persistence", "Persistence\Persistence.csproj", "{00488E42-6634-434B-B7FD-4DF5C2D7680A}"
EndProject
Project("{FAE04EC0-301F-11D3-BF4B-00C04F79EFBC}") = "API", "API\API.csproj", "{0BCF2787-5791-475B-8BC8-5337C12D504A}"
EndProject
Project("{FAE04EC0-301F-11D3-BF4B-00C04F79EFBC}") = "Infrastructure", "Infrastructure\Infrastructure.csproj", "{94D8768E-8FD2-497C-B31C-CF2CBC4DAAEE}"
EndProject
Global
	GlobalSection(SolutionConfigurationPlatforms) = preSolution
		Debug|Any CPU = Debug|Any CPU
		Debug|x64 = Debug|x64
		Debug|x86 = Debug|x86
		Release|Any CPU = Release|Any CPU
		Release|x64 = Release|x64
		Release|x86 = Release|x86
	EndGlobalSection
	GlobalSection(SolutionProperties) = preSolution
		HideSolutionNode = FALSE
	EndGlobalSection
	GlobalSection(ProjectConfigurationPlatforms) = postSolution
		{4E61A7B5-42C2-4E3E-9D28-B3BA9DB5B70B}.Debug|Any CPU.ActiveCfg = Debug|Any CPU
		{4E61A7B5-42C2-4E3E-9D28-B3BA9DB5B70B}.Debug|Any CPU.Build.0 = Debug|Any CPU
		{4E61A7B5-42C2-4E3E-9D28-B3BA9DB5B70B}.Debug|x64.ActiveCfg = Debug|Any CPU
		{4E61A7B5-42C2-4E3E-9D28-B3BA9DB5B70B}.Debug|x64.Build.0 = Debug|Any CPU
		{4E61A7B5-42C2-4E3E-9D28-B3BA9DB5B70B}.Debug|x86.ActiveCfg = Debug|Any CPU
		{4E61A7B5-42C2-4E3E-9D28-B3BA9DB5B70B}.Debug|x86.Build.0 = Debug|Any CPU
		{4E61A7B5-42C2-4E3E-9D28-B3BA9DB5B70B}.Release|Any CPU.ActiveCfg = Release|Any CPU
		{4E61A7B5-42C2-4E3E-9D28-B3BA9DB5B70B}.Release|Any CPU.Build.0 = Release|Any CPU
		{4E61A7B5-42C2-4E3E-9D28-B3BA9DB5B70B}.Release|x64.ActiveCfg = Release|Any CPU
		{4E61A7B5-42C2-4E3E-9D28-B3BA9DB5B70B}.Release|x64.Build.0 = Release|Any CPU
		{4E61A7B5-42C2-4E3E-9D28-B3BA9DB5B70B}.Release|x86.ActiveCfg = Release|Any CPU
		{4E61A7B5-42C2-4E3E-9D28-B3BA9DB5B70B}.Release|x86.Build.0 = Release|Any CPU
		{E109352E-C7CA-4077-98FF-4EFDB3915562}.Debug|Any CPU.ActiveCfg = Debug|Any CPU
		{E109352E-C7CA-4077-98FF-4EFDB3915562}.Debug|Any CPU.Build.0 = Debug|Any CPU
		{E109352E-C7CA-4077-98FF-4EFDB3915562}.Debug|x64.ActiveCfg = Debug|Any CPU
		{E109352E-C7CA-4077-98FF-4EFDB3915562}.Debug|x64.Build.0 = Debug|Any CPU
		{E109352E-C7CA-4077-98FF-4EFDB3915562}.Debug|x86.ActiveCfg = Debug|Any CPU
		{E109352E-C7CA-4077-98FF-4EFDB3915562}.Debug|x86.Build.0 = Debug|Any CPU
		{E109352E-C7CA-4077-98FF-4EFDB3915562}.Release|Any CPU.ActiveCfg = Release|Any CPU
		{E109352E-C7CA-4077-98FF-4EFDB3915562}.Release|Any CPU.Build.0 = Release|Any CPU
		{E109352E-C7CA-4077-98FF-4EFDB3915562}.Release|x64.ActiveCfg = Release|Any CPU
		{E109352E-C7CA-4077-98FF-4EFDB3915562}.Release|x64.Build.0 = Release|Any CPU
		{E109352E-C7CA-4077-98FF-4EFDB3915562}.Release|x86.ActiveCfg = Release|Any CPU
		{E109352E-C7CA-4077-98FF-4EFDB3915562}.Release|x86.Build.0 = Release|Any CPU
		{00488E42-6634-434B-B7FD-4DF5C2D7680A}.Debug|Any CPU.ActiveCfg = Debug|Any CPU
		{00488E42-6634-434B-B7FD-4DF5C2D7680A}.Debug|Any CPU.Build.0 = Debug|Any CPU
		{00488E42-6634-434B-B7FD-4DF5C2D7680A}.Debug|x64.ActiveCfg = Debug|Any CPU
		{00488E42-6634-434B-B7FD-4DF5C2D7680A}.Debug|x64.Build.0 = Debug|Any CPU
		{00488E42-6634-434B-B7FD-4DF5C2D7680A}.Debug|x86.ActiveCfg = Debug|Any CPU
		{00488E42-6634-434B-B7FD-4DF5C2D7680A}.Debug|x86.Build.0 = Debug|Any CPU
		{00488E42-6634-434B-B7FD-4DF5C2D7680A}.Release|Any CPU.ActiveCfg = Release|Any CPU
		{00488E42-6634-434B-B7FD-4DF5C2D7680A}.Release|Any CPU.Build.0 = Release|Any CPU
		{00488E42-6634-434B-B7FD-4DF5C2D7680A}.Release|x64.ActiveCfg = Release|Any CPU
		{00488E42-6634-434B-B7FD-4DF5C2D7680A}.Release|x64.Build.0 = Release|Any CPU
		{00488E42-6634-434B-B7FD-4DF5C2D7680A}.Release|x86.ActiveCfg = Release|Any CPU
		{00488E42-6634-434B-B7FD-4DF5C2D7680A}.Release|x86.Build.0 = Release|Any CPU
		{0BCF2787-5791-475B-8BC8-5337C12D504A}.Debug|Any CPU.ActiveCfg = Debug|Any CPU
		{0BCF2787-5791-475B-8BC8-5337C12D504A}.Debug|Any CPU.Build.0 = Debug|Any CPU
		{0BCF2787-5791-475B-8BC8-5337C12D504A}.Debug|x64.ActiveCfg = Debug|Any CPU
		{0BCF2787-5791-475B-8BC8-5337C12D504A}.Debug|x64.Build.0 = Debug|Any CPU
		{0BCF2787-5791-475B-8BC8-5337C12D504A}.Debug|x86.ActiveCfg = Debug|Any CPU
		{0BCF2787-5791-475B-8BC8-5337C12D504A}.Debug|x86.Build.0 = Debug|Any CPU
		{0BCF2787-5791-475B-8BC8-5337C12D504A}.Release|Any CPU.ActiveCfg = Release|Any CPU
		{0BCF2787-5791-475B-8BC8-5337C12D504A}.Release|Any CPU.Build.0 = Release|Any CPU
		{0BCF2787-5791-475B-8BC8-5337C12D504A}.Release|x64.ActiveCfg = Release|Any CPU
		{0BCF2787-5791-475B-8BC8-5337C12D504A}.Release|x64.Build.0 = Release|Any CPU
		{0BCF2787-5791-475B-8BC8-5337C12D504A}.Release|x86.ActiveCfg = Release|Any CPU
		{0BCF2787-5791-475B-8BC8-5337C12D504A}.Release|x86.Build.0 = Release|Any CPU
		{94D8768E-8FD2-497C-B31C-CF2CBC4DAAEE}.Debug|Any CPU.ActiveCfg = Debug|Any CPU
		{94D8768E-8FD2-497C-B31C-CF2CBC4DAAEE}.Debug|Any CPU.Build.0 = Debug|Any CPU
		{94D8768E-8FD2-497C-B31C-CF2CBC4DAAEE}.Debug|x64.ActiveCfg = Debug|Any CPU
		{94D8768E-8FD2-497C-B31C-CF2CBC4DAAEE}.Debug|x64.Build.0 = Debug|Any CPU
		{94D8768E-8FD2-497C-B31C-CF2CBC4DAAEE}.Debug|x86.ActiveCfg = Debug|Any CPU
		{94D8768E-8FD2-497C-B31C-CF2CBC4DAAEE}.Debug|x86.Build.0 = Debug|Any CPU
		{94D8768E-8FD2-497C-B31C-CF2CBC4DAAEE}.Release|Any CPU.ActiveCfg = Release|Any CPU
		{94D8768E-8FD2-497C-B31C-CF2CBC4DAAEE}.Release|Any CPU.Build.0 = Release|Any CPU
		{94D8768E-8FD2-497C-B31C-CF2CBC4DAAEE}.Release|x64.ActiveCfg = Release|Any CPU
		{94D8768E-8FD2-497C-B31C-CF2CBC4DAAEE}.Release|x64.Build.0 = Release|Any CPU
		{94D8768E-8FD2-497C-B31C-CF2CBC4DAAEE}.Release|x86.ActiveCfg = Release|Any CPU
		{94D8768E-8FD2-497C-B31C-CF2CBC4DAAEE}.Release|x86.Build.0 = Release|Any CPU
	EndGlobalSection
EndGlobal
